
Microsoft Visual Studio Solution File, Format Version 12.00
# Visual Studio 15
VisualStudioVersion = 15.0.27130.2020
MinimumVisualStudioVersion = 10.0.40219.1
Project("{FAE04EC0-301F-11D3-BF4B-00C04F79EFBC}") = "PopulationProtocolApp", "PopulationProtocolApp\PopulationProtocolApp.csproj", "{346127BE-40BF-4C74-9F9B-93B3BB05C129}"
EndProject
Global
	GlobalSection(SolutionConfigurationPlatforms) = preSolution
		Debug|Any CPU = Debug|Any CPU
		Release|Any CPU = Release|Any CPU
	EndGlobalSection
	GlobalSection(ProjectConfigurationPlatforms) = postSolution
		{346127BE-40BF-4C74-9F9B-93B3BB05C129}.Debug|Any CPU.ActiveCfg = Debug|Any CPU
		{346127BE-40BF-4C74-9F9B-93B3BB05C129}.Debug|Any CPU.Build.0 = Debug|Any CPU
		{346127BE-40BF-4C74-9F9B-93B3BB05C129}.Release|Any CPU.ActiveCfg = Release|Any CPU
		{346127BE-40BF-4C74-9F9B-93B3BB05C129}.Release|Any CPU.Build.0 = Release|Any CPU
	EndGlobalSection
	GlobalSection(SolutionProperties) = preSolution
		HideSolutionNode = FALSE
	EndGlobalSection
	GlobalSection(ExtensibilityGlobals) = postSolution
		SolutionGuid = {4AA3B82E-0FF9-40E4-AAA3-2C9108846BB5}
	EndGlobalSection
EndGlobal
